
Microsoft Visual Studio Solution File, Format Version 12.00
# Visual Studio Version 17
VisualStudioVersion = 17.0.32014.148
MinimumVisualStudioVersion = 10.0.40219.1
Project("{FAE04EC0-301F-11D3-BF4B-00C04F79EFBC}") = "appplbot-EventTracker", "appplbot-EventTracker.csproj", "{1843631D-8B79-47AE-AA6C-40130714EA2D}"
EndProject
Global
	GlobalSection(SolutionConfigurationPlatforms) = preSolution
		Debug|Any CPU = Debug|Any CPU
		Release|Any CPU = Release|Any CPU
	EndGlobalSection
	GlobalSection(ProjectConfigurationPlatforms) = postSolution
		{1843631D-8B79-47AE-AA6C-40130714EA2D}.Debug|Any CPU.ActiveCfg = Debug|Any CPU
		{1843631D-8B79-47AE-AA6C-40130714EA2D}.Debug|Any CPU.Build.0 = Debug|Any CPU
		{1843631D-8B79-47AE-AA6C-40130714EA2D}.Release|Any CPU.ActiveCfg = Release|Any CPU
		{1843631D-8B79-47AE-AA6C-40130714EA2D}.Release|Any CPU.Build.0 = Release|Any CPU
	EndGlobalSection
	GlobalSection(SolutionProperties) = preSolution
		HideSolutionNode = FALSE
	EndGlobalSection
	GlobalSection(ExtensibilityGlobals) = postSolution
		SolutionGuid = {66D778F8-BE2F-4BDF-8B84-EA953E1754C3}
	EndGlobalSection
EndGlobal
